
Microsoft Visual Studio Solution File, Format Version 12.00
# Visual Studio Version 17
VisualStudioVersion = 17.2.32616.157
MinimumVisualStudioVersion = 10.0.40219.1
Project("{FAE04EC0-301F-11D3-BF4B-00C04F79EFBC}") = "ClassTask", "ClassTask\ClassTask.csproj", "{14C6F881-39C9-4D4C-8C71-EBBD3F1DCE13}"
EndProject
Global
	GlobalSection(SolutionConfigurationPlatforms) = preSolution
		Debug|Any CPU = Debug|Any CPU
		Release|Any CPU = Release|Any CPU
	EndGlobalSection
	GlobalSection(ProjectConfigurationPlatforms) = postSolution
		{14C6F881-39C9-4D4C-8C71-EBBD3F1DCE13}.Debug|Any CPU.ActiveCfg = Debug|Any CPU
		{14C6F881-39C9-4D4C-8C71-EBBD3F1DCE13}.Debug|Any CPU.Build.0 = Debug|Any CPU
		{14C6F881-39C9-4D4C-8C71-EBBD3F1DCE13}.Release|Any CPU.ActiveCfg = Release|Any CPU
		{14C6F881-39C9-4D4C-8C71-EBBD3F1DCE13}.Release|Any CPU.Build.0 = Release|Any CPU
	EndGlobalSection
	GlobalSection(SolutionProperties) = preSolution
		HideSolutionNode = FALSE
	EndGlobalSection
	GlobalSection(ExtensibilityGlobals) = postSolution
		SolutionGuid = {F8463A71-1873-4186-AA56-74E2D4A724B1}
	EndGlobalSection
EndGlobal
